
Microsoft Visual Studio Solution File, Format Version 12.00
# Visual Studio 15
Project("{FAE04EC0-301F-11D3-BF4B-00C04F79EFBC}") = "Assembly-CSharp", "Assembly-CSharp.csproj", "{DF87626B-E513-95B1-039B-50AB82231904}"
EndProject
Global
	GlobalSection(SolutionConfigurationPlatforms) = preSolution
		Debug|Any CPU = Debug|Any CPU
		Release|Any CPU = Release|Any CPU
	EndGlobalSection
	GlobalSection(ProjectConfigurationPlatforms) = postSolution
		{DF87626B-E513-95B1-039B-50AB82231904}.Debug|Any CPU.ActiveCfg = Debug|Any CPU
		{DF87626B-E513-95B1-039B-50AB82231904}.Debug|Any CPU.Build.0 = Debug|Any CPU
		{DF87626B-E513-95B1-039B-50AB82231904}.Release|Any CPU.ActiveCfg = Release|Any CPU
		{DF87626B-E513-95B1-039B-50AB82231904}.Release|Any CPU.Build.0 = Release|Any CPU
	EndGlobalSection
	GlobalSection(SolutionProperties) = preSolution
		HideSolutionNode = FALSE
	EndGlobalSection
EndGlobal
